{
  "name": "show-me-tabs",
  "version": "1.0.0",
  "lockfileVersion": 2,
  "requires": true,
  "packages": {
    "": {
      "name": "show-me-tabs",
      "version": "1.0.0",
      "license": "ISC",
      "devDependencies": {
        "chrome-types": "^0.1.296"
      }
    },
    "node_modules/chrome-types": {
      "version": "0.1.296",
      "resolved": "https://registry.npmjs.org/chrome-types/-/chrome-types-0.1.296.tgz",
      "integrity": "sha512-bk8o8fPpBXo77ySijD3t+cU3O1mZUsJfFs2MBpxS6y5Q/2iZVfMqPQ862wh1XtYsQMR1KX/C8qFV3grT10435w==",
      "dev": true
    }
  },
  "dependencies": {
    "chrome-types": {
      "version": "0.1.296",
      "resolved": "https://registry.npmjs.org/chrome-types/-/chrome-types-0.1.296.tgz",
      "integrity": "sha512-bk8o8fPpBXo77ySijD3t+cU3O1mZUsJfFs2MBpxS6y5Q/2iZVfMqPQ862wh1XtYsQMR1KX/C8qFV3grT10435w==",
      "dev": true
    }
  }
}
